
Microsoft Visual Studio Solution File, Format Version 12.00
# Visual Studio Version 17
VisualStudioVersion = 17.4.33122.133
MinimumVisualStudioVersion = 10.0.40219.1
Project("{9A19103F-16F7-4668-BE54-9A1E7A4F7556}") = "Aula18ExercicioSaidaDeDados", "Aula18ExercicioSaidaDeDados\Aula18ExercicioSaidaDeDados.csproj", "{466565C8-39AB-4DAE-9D04-09882F42A05A}"
EndProject
Project("{9A19103F-16F7-4668-BE54-9A1E7A4F7556}") = "Aula23ExercicioEntradaDeDados", "Aula23ExercicioEntradaDeDados\Aula23ExercicioEntradaDeDados.csproj", "{C60B3892-6F0A-4F7E-886E-B24685616B6E}"
EndProject
Project("{9A19103F-16F7-4668-BE54-9A1E7A4F7556}") = "Aula24ExercicioProposto1003Uri", "Aula24ExercicioProposto1003Uri\Aula24ExercicioProposto1003Uri.csproj", "{9358B3C6-8683-4CD8-8DEC-630CE8AFB361}"
EndProject
Project("{9A19103F-16F7-4668-BE54-9A1E7A4F7556}") = "Aula24ExercicioProposto1002", "Aula24ExercicioProposto1002\Aula24ExercicioProposto1002.csproj", "{E8D45FBA-9DD1-48A6-AD87-874438A5556E}"
EndProject
Project("{9A19103F-16F7-4668-BE54-9A1E7A4F7556}") = "Aula24ExercicioProposto1007Uri", "Aula24ExercicioProposto1007Uri\Aula24ExercicioProposto1007Uri.csproj", "{BA9806A7-F001-4636-A918-92427C477E88}"
EndProject
Project("{9A19103F-16F7-4668-BE54-9A1E7A4F7556}") = "Aula24ExercicioProposto1008", "Aula24ExercicioProposto1008\Aula24ExercicioProposto1008.csproj", "{3F3E0E9E-3A36-481F-8167-98F3BDB7E14F}"
EndProject
Project("{FAE04EC0-301F-11D3-BF4B-00C04F79EFBC}") = "Aula24ExercicioProposto1010", "Aula24ExercicioProposto1010\Aula24ExercicioProposto1010.csproj", "{F800616F-FE21-45A4-8ACC-48DC593056E4}"
EndProject
Project("{FAE04EC0-301F-11D3-BF4B-00C04F79EFBC}") = "Aula24ExercicioProposto1012", "Aula24ExercicioProposto1012\Aula24ExercicioProposto1012.csproj", "{7E557DE2-D798-4B80-82E7-93257A15C477}"
EndProject
Global
	GlobalSection(SolutionConfigurationPlatforms) = preSolution
		Debug|Any CPU = Debug|Any CPU
		Release|Any CPU = Release|Any CPU
	EndGlobalSection
	GlobalSection(ProjectConfigurationPlatforms) = postSolution
		{466565C8-39AB-4DAE-9D04-09882F42A05A}.Debug|Any CPU.ActiveCfg = Debug|Any CPU
		{466565C8-39AB-4DAE-9D04-09882F42A05A}.Debug|Any CPU.Build.0 = Debug|Any CPU
		{466565C8-39AB-4DAE-9D04-09882F42A05A}.Release|Any CPU.ActiveCfg = Release|Any CPU
		{466565C8-39AB-4DAE-9D04-09882F42A05A}.Release|Any CPU.Build.0 = Release|Any CPU
		{C60B3892-6F0A-4F7E-886E-B24685616B6E}.Debug|Any CPU.ActiveCfg = Debug|Any CPU
		{C60B3892-6F0A-4F7E-886E-B24685616B6E}.Debug|Any CPU.Build.0 = Debug|Any CPU
		{C60B3892-6F0A-4F7E-886E-B24685616B6E}.Release|Any CPU.ActiveCfg = Release|Any CPU
		{C60B3892-6F0A-4F7E-886E-B24685616B6E}.Release|Any CPU.Build.0 = Release|Any CPU
		{9358B3C6-8683-4CD8-8DEC-630CE8AFB361}.Debug|Any CPU.ActiveCfg = Debug|Any CPU
		{9358B3C6-8683-4CD8-8DEC-630CE8AFB361}.Debug|Any CPU.Build.0 = Debug|Any CPU
		{9358B3C6-8683-4CD8-8DEC-630CE8AFB361}.Release|Any CPU.ActiveCfg = Release|Any CPU
		{9358B3C6-8683-4CD8-8DEC-630CE8AFB361}.Release|Any CPU.Build.0 = Release|Any CPU
		{E8D45FBA-9DD1-48A6-AD87-874438A5556E}.Debug|Any CPU.ActiveCfg = Debug|Any CPU
		{E8D45FBA-9DD1-48A6-AD87-874438A5556E}.Debug|Any CPU.Build.0 = Debug|Any CPU
		{E8D45FBA-9DD1-48A6-AD87-874438A5556E}.Release|Any CPU.ActiveCfg = Release|Any CPU
		{E8D45FBA-9DD1-48A6-AD87-874438A5556E}.Release|Any CPU.Build.0 = Release|Any CPU
		{BA9806A7-F001-4636-A918-92427C477E88}.Debug|Any CPU.ActiveCfg = Debug|Any CPU
		{BA9806A7-F001-4636-A918-92427C477E88}.Debug|Any CPU.Build.0 = Debug|Any CPU
		{BA9806A7-F001-4636-A918-92427C477E88}.Release|Any CPU.ActiveCfg = Release|Any CPU
		{BA9806A7-F001-4636-A918-92427C477E88}.Release|Any CPU.Build.0 = Release|Any CPU
		{3F3E0E9E-3A36-481F-8167-98F3BDB7E14F}.Debug|Any CPU.ActiveCfg = Debug|Any CPU
		{3F3E0E9E-3A36-481F-8167-98F3BDB7E14F}.Debug|Any CPU.Build.0 = Debug|Any CPU
		{3F3E0E9E-3A36-481F-8167-98F3BDB7E14F}.Release|Any CPU.ActiveCfg = Release|Any CPU
		{3F3E0E9E-3A36-481F-8167-98F3BDB7E14F}.Release|Any CPU.Build.0 = Release|Any CPU
		{F800616F-FE21-45A4-8ACC-48DC593056E4}.Debug|Any CPU.ActiveCfg = Debug|Any CPU
		{F800616F-FE21-45A4-8ACC-48DC593056E4}.Debug|Any CPU.Build.0 = Debug|Any CPU
		{F800616F-FE21-45A4-8ACC-48DC593056E4}.Release|Any CPU.ActiveCfg = Release|Any CPU
		{F800616F-FE21-45A4-8ACC-48DC593056E4}.Release|Any CPU.Build.0 = Release|Any CPU
		{7E557DE2-D798-4B80-82E7-93257A15C477}.Debug|Any CPU.ActiveCfg = Debug|Any CPU
		{7E557DE2-D798-4B80-82E7-93257A15C477}.Debug|Any CPU.Build.0 = Debug|Any CPU
		{7E557DE2-D798-4B80-82E7-93257A15C477}.Release|Any CPU.ActiveCfg = Release|Any CPU
		{7E557DE2-D798-4B80-82E7-93257A15C477}.Release|Any CPU.Build.0 = Release|Any CPU
	EndGlobalSection
	GlobalSection(SolutionProperties) = preSolution
		HideSolutionNode = FALSE
	EndGlobalSection
	GlobalSection(ExtensibilityGlobals) = postSolution
		SolutionGuid = {A2A42562-3719-48A5-BD2A-39DC3033CEE5}
	EndGlobalSection
EndGlobal
