
Microsoft Visual Studio Solution File, Format Version 12.00
# Visual Studio Version 17
VisualStudioVersion = 17.4.33122.133
MinimumVisualStudioVersion = 10.0.40219.1
Project("{9A19103F-16F7-4668-BE54-9A1E7A4F7556}") = "Aula18ExercicioSaidaDeDados", "Aula18ExercicioSaidaDeDados\Aula18ExercicioSaidaDeDados.csproj", "{466565C8-39AB-4DAE-9D04-09882F42A05A}"
EndProject
Project("{9A19103F-16F7-4668-BE54-9A1E7A4F7556}") = "Aula23ExercicioEntradaDeDados", "Aula23ExercicioEntradaDeDados\Aula23ExercicioEntradaDeDados.csproj", "{C60B3892-6F0A-4F7E-886E-B24685616B6E}"
EndProject
Project("{9A19103F-16F7-4668-BE54-9A1E7A4F7556}") = "Aula24ExercicioProposto1003Uri", "Aula24ExercicioProposto1003Uri\Aula24ExercicioProposto1003Uri.csproj", "{9358B3C6-8683-4CD8-8DEC-630CE8AFB361}"
EndProject
Project("{9A19103F-16F7-4668-BE54-9A1E7A4F7556}") = "Aula24ExercicioProposto1002", "Aula24ExercicioProposto1002\Aula24ExercicioProposto1002.csproj", "{E8D45FBA-9DD1-48A6-AD87-874438A5556E}"
EndProject
Project("{9A19103F-16F7-4668-BE54-9A1E7A4F7556}") = "Aula24ExercicioProposto1007Uri", "Aula24ExercicioProposto1007Uri\Aula24ExercicioProposto1007Uri.csproj", "{BA9806A7-F001-4636-A918-92427C477E88}"
EndProject
Project("{9A19103F-16F7-4668-BE54-9A1E7A4F7556}") = "Aula24ExercicioProposto1008", "Aula24ExercicioProposto1008\Aula24ExercicioProposto1008.csproj", "{3F3E0E9E-3A36-481F-8167-98F3BDB7E14F}"
EndProject
Project("{9A19103F-16F7-4668-BE54-9A1E7A4F7556}") = "Aula24ExercicioProposto1010", "Aula24ExercicioProposto1010\Aula24ExercicioProposto1010.csproj", "{F800616F-FE21-45A4-8ACC-48DC593056E4}"
EndProject
Project("{9A19103F-16F7-4668-BE54-9A1E7A4F7556}") = "Aula24ExercicioProposto1012", "Aula24ExercicioProposto1012\Aula24ExercicioProposto1012.csproj", "{7E557DE2-D798-4B80-82E7-93257A15C477}"
EndProject
Project("{9A19103F-16F7-4668-BE54-9A1E7A4F7556}") = "Aula29ExercicioProposto01", "Aula29ExercicioProposto01\Aula29ExercicioProposto01.csproj", "{CE29352E-09E0-4BF3-BEE8-5B309B53F500}"
EndProject
Project("{9A19103F-16F7-4668-BE54-9A1E7A4F7556}") = "Aula29ExercicioProposto02", "Aula29ExercicioProposto02\Aula29ExercicioProposto02.csproj", "{A4D7656B-EBBD-4A3B-A638-062FB97ABBD0}"
EndProject
Project("{9A19103F-16F7-4668-BE54-9A1E7A4F7556}") = "Aula29ExercicioProposto03", "Aula29ExercicioProposto03\Aula29ExercicioProposto03.csproj", "{CC53A619-614A-4498-A81D-F9851A3EDE23}"
EndProject
Project("{9A19103F-16F7-4668-BE54-9A1E7A4F7556}") = "Aula29ExercicioProposto04", "Aula29ExercicioProposto04\Aula29ExercicioProposto04.csproj", "{A5F02AA0-CF6A-4EC1-B149-DA4C03C137EE}"
EndProject
Project("{9A19103F-16F7-4668-BE54-9A1E7A4F7556}") = "Aula29ExercicioProposto05Uri1038", "Aula29ExercicioProposto05Uri1038\Aula29ExercicioProposto05Uri1038.csproj", "{7D6243F5-B4B1-4969-B532-0971B519C381}"
EndProject
Project("{9A19103F-16F7-4668-BE54-9A1E7A4F7556}") = "Aula29ExercicioProposto06Uri1037", "Aula29ExercicioProposto06Uri1037\Aula29ExercicioProposto06Uri1037.csproj", "{1E19E1EF-3BB7-4E7B-A691-66F28D57E1B1}"
EndProject
Project("{9A19103F-16F7-4668-BE54-9A1E7A4F7556}") = "Aula29ExercicioProposto07Uri1041", "Aula29ExercicioProposto07Uri1041\Aula29ExercicioProposto07Uri1041.csproj", "{98078E82-1401-4A48-B779-50774FC82995}"
EndProject
Project("{9A19103F-16F7-4668-BE54-9A1E7A4F7556}") = "Aula29ExercicioProposto08Uri1051", "Aula29ExercicioProposto08Uri1051\Aula29ExercicioProposto08Uri1051.csproj", "{7ABAFAA9-EB0C-46ED-B1AF-0DA477B00AEA}"
EndProject
Project("{9A19103F-16F7-4668-BE54-9A1E7A4F7556}") = "Aula33ExercicioProposto01", "Aula33ExercicioProposto01\Aula33ExercicioProposto01.csproj", "{9FD22D41-F623-4187-9723-63D31065492A}"
EndProject
Project("{9A19103F-16F7-4668-BE54-9A1E7A4F7556}") = "Aula33ExercicioProposto02Uri1115", "Aula33ExercicioProposto02Uri1115\Aula33ExercicioProposto02Uri1115.csproj", "{2F247B0F-E4D3-4E63-8E9F-27ED2C3EEA7F}"
EndProject
Project("{9A19103F-16F7-4668-BE54-9A1E7A4F7556}") = "Aula33ExercicioProposto03Uri1134", "Aula33ExercicioProposto03Uri1134\Aula33ExercicioProposto03Uri1134.csproj", "{16F42D6A-4143-4FAB-9100-0E87F05C7547}"
EndProject
Project("{FAE04EC0-301F-11D3-BF4B-00C04F79EFBC}") = "Aula35ExercicioProposto01Uri1067", "Aula35ExercicioProposto01Uri1067\Aula35ExercicioProposto01Uri1067.csproj", "{79F2B330-18C8-4B30-9A6C-0785EBF99CE7}"
EndProject
Project("{FAE04EC0-301F-11D3-BF4B-00C04F79EFBC}") = "Aula35ExercicioProposto02Uri1072", "Aula35ExercicioProposto02Uri1072\Aula35ExercicioProposto02Uri1072.csproj", "{F4E5033B-3734-4A9F-8F80-29C077BB12A0}"
EndProject
Project("{FAE04EC0-301F-11D3-BF4B-00C04F79EFBC}") = "Aula35ExercicioProposto03Uri1079", "Aula35ExercicioProposto03Uri1079\Aula35ExercicioProposto03Uri1079.csproj", "{CF5130A1-F317-42CF-B43F-B329EE950349}"
EndProject
Project("{FAE04EC0-301F-11D3-BF4B-00C04F79EFBC}") = "Aula35ExercicioProposto04Uri1116", "Aula35ExercicioProposto04Uri1116\Aula35ExercicioProposto04Uri1116.csproj", "{D18F5400-48DC-4CFF-8334-50967112738F}"
EndProject
Project("{FAE04EC0-301F-11D3-BF4B-00C04F79EFBC}") = "Aula35Exercicioproposto05Uri1153", "Aula35Exercicioproposto05Uri1153\Aula35Exercicioproposto05Uri1153.csproj", "{46405FE6-32C8-41E0-81A6-E955B3FC77D6}"
EndProject
Global
	GlobalSection(SolutionConfigurationPlatforms) = preSolution
		Debug|Any CPU = Debug|Any CPU
		Release|Any CPU = Release|Any CPU
	EndGlobalSection
	GlobalSection(ProjectConfigurationPlatforms) = postSolution
		{466565C8-39AB-4DAE-9D04-09882F42A05A}.Debug|Any CPU.ActiveCfg = Debug|Any CPU
		{466565C8-39AB-4DAE-9D04-09882F42A05A}.Debug|Any CPU.Build.0 = Debug|Any CPU
		{466565C8-39AB-4DAE-9D04-09882F42A05A}.Release|Any CPU.ActiveCfg = Release|Any CPU
		{466565C8-39AB-4DAE-9D04-09882F42A05A}.Release|Any CPU.Build.0 = Release|Any CPU
		{C60B3892-6F0A-4F7E-886E-B24685616B6E}.Debug|Any CPU.ActiveCfg = Debug|Any CPU
		{C60B3892-6F0A-4F7E-886E-B24685616B6E}.Debug|Any CPU.Build.0 = Debug|Any CPU
		{C60B3892-6F0A-4F7E-886E-B24685616B6E}.Release|Any CPU.ActiveCfg = Release|Any CPU
		{C60B3892-6F0A-4F7E-886E-B24685616B6E}.Release|Any CPU.Build.0 = Release|Any CPU
		{9358B3C6-8683-4CD8-8DEC-630CE8AFB361}.Debug|Any CPU.ActiveCfg = Debug|Any CPU
		{9358B3C6-8683-4CD8-8DEC-630CE8AFB361}.Debug|Any CPU.Build.0 = Debug|Any CPU
		{9358B3C6-8683-4CD8-8DEC-630CE8AFB361}.Release|Any CPU.ActiveCfg = Release|Any CPU
		{9358B3C6-8683-4CD8-8DEC-630CE8AFB361}.Release|Any CPU.Build.0 = Release|Any CPU
		{E8D45FBA-9DD1-48A6-AD87-874438A5556E}.Debug|Any CPU.ActiveCfg = Debug|Any CPU
		{E8D45FBA-9DD1-48A6-AD87-874438A5556E}.Debug|Any CPU.Build.0 = Debug|Any CPU
		{E8D45FBA-9DD1-48A6-AD87-874438A5556E}.Release|Any CPU.ActiveCfg = Release|Any CPU
		{E8D45FBA-9DD1-48A6-AD87-874438A5556E}.Release|Any CPU.Build.0 = Release|Any CPU
		{BA9806A7-F001-4636-A918-92427C477E88}.Debug|Any CPU.ActiveCfg = Debug|Any CPU
		{BA9806A7-F001-4636-A918-92427C477E88}.Debug|Any CPU.Build.0 = Debug|Any CPU
		{BA9806A7-F001-4636-A918-92427C477E88}.Release|Any CPU.ActiveCfg = Release|Any CPU
		{BA9806A7-F001-4636-A918-92427C477E88}.Release|Any CPU.Build.0 = Release|Any CPU
		{3F3E0E9E-3A36-481F-8167-98F3BDB7E14F}.Debug|Any CPU.ActiveCfg = Debug|Any CPU
		{3F3E0E9E-3A36-481F-8167-98F3BDB7E14F}.Debug|Any CPU.Build.0 = Debug|Any CPU
		{3F3E0E9E-3A36-481F-8167-98F3BDB7E14F}.Release|Any CPU.ActiveCfg = Release|Any CPU
		{3F3E0E9E-3A36-481F-8167-98F3BDB7E14F}.Release|Any CPU.Build.0 = Release|Any CPU
		{F800616F-FE21-45A4-8ACC-48DC593056E4}.Debug|Any CPU.ActiveCfg = Debug|Any CPU
		{F800616F-FE21-45A4-8ACC-48DC593056E4}.Debug|Any CPU.Build.0 = Debug|Any CPU
		{F800616F-FE21-45A4-8ACC-48DC593056E4}.Release|Any CPU.ActiveCfg = Release|Any CPU
		{F800616F-FE21-45A4-8ACC-48DC593056E4}.Release|Any CPU.Build.0 = Release|Any CPU
		{7E557DE2-D798-4B80-82E7-93257A15C477}.Debug|Any CPU.ActiveCfg = Debug|Any CPU
		{7E557DE2-D798-4B80-82E7-93257A15C477}.Debug|Any CPU.Build.0 = Debug|Any CPU
		{7E557DE2-D798-4B80-82E7-93257A15C477}.Release|Any CPU.ActiveCfg = Release|Any CPU
		{7E557DE2-D798-4B80-82E7-93257A15C477}.Release|Any CPU.Build.0 = Release|Any CPU
		{CE29352E-09E0-4BF3-BEE8-5B309B53F500}.Debug|Any CPU.ActiveCfg = Debug|Any CPU
		{CE29352E-09E0-4BF3-BEE8-5B309B53F500}.Debug|Any CPU.Build.0 = Debug|Any CPU
		{CE29352E-09E0-4BF3-BEE8-5B309B53F500}.Release|Any CPU.ActiveCfg = Release|Any CPU
		{CE29352E-09E0-4BF3-BEE8-5B309B53F500}.Release|Any CPU.Build.0 = Release|Any CPU
		{A4D7656B-EBBD-4A3B-A638-062FB97ABBD0}.Debug|Any CPU.ActiveCfg = Debug|Any CPU
		{A4D7656B-EBBD-4A3B-A638-062FB97ABBD0}.Debug|Any CPU.Build.0 = Debug|Any CPU
		{A4D7656B-EBBD-4A3B-A638-062FB97ABBD0}.Release|Any CPU.ActiveCfg = Release|Any CPU
		{A4D7656B-EBBD-4A3B-A638-062FB97ABBD0}.Release|Any CPU.Build.0 = Release|Any CPU
		{CC53A619-614A-4498-A81D-F9851A3EDE23}.Debug|Any CPU.ActiveCfg = Debug|Any CPU
		{CC53A619-614A-4498-A81D-F9851A3EDE23}.Debug|Any CPU.Build.0 = Debug|Any CPU
		{CC53A619-614A-4498-A81D-F9851A3EDE23}.Release|Any CPU.ActiveCfg = Release|Any CPU
		{CC53A619-614A-4498-A81D-F9851A3EDE23}.Release|Any CPU.Build.0 = Release|Any CPU
		{A5F02AA0-CF6A-4EC1-B149-DA4C03C137EE}.Debug|Any CPU.ActiveCfg = Debug|Any CPU
		{A5F02AA0-CF6A-4EC1-B149-DA4C03C137EE}.Debug|Any CPU.Build.0 = Debug|Any CPU
		{A5F02AA0-CF6A-4EC1-B149-DA4C03C137EE}.Release|Any CPU.ActiveCfg = Release|Any CPU
		{A5F02AA0-CF6A-4EC1-B149-DA4C03C137EE}.Release|Any CPU.Build.0 = Release|Any CPU
		{7D6243F5-B4B1-4969-B532-0971B519C381}.Debug|Any CPU.ActiveCfg = Debug|Any CPU
		{7D6243F5-B4B1-4969-B532-0971B519C381}.Debug|Any CPU.Build.0 = Debug|Any CPU
		{7D6243F5-B4B1-4969-B532-0971B519C381}.Release|Any CPU.ActiveCfg = Release|Any CPU
		{7D6243F5-B4B1-4969-B532-0971B519C381}.Release|Any CPU.Build.0 = Release|Any CPU
		{1E19E1EF-3BB7-4E7B-A691-66F28D57E1B1}.Debug|Any CPU.ActiveCfg = Debug|Any CPU
		{1E19E1EF-3BB7-4E7B-A691-66F28D57E1B1}.Debug|Any CPU.Build.0 = Debug|Any CPU
		{1E19E1EF-3BB7-4E7B-A691-66F28D57E1B1}.Release|Any CPU.ActiveCfg = Release|Any CPU
		{1E19E1EF-3BB7-4E7B-A691-66F28D57E1B1}.Release|Any CPU.Build.0 = Release|Any CPU
		{98078E82-1401-4A48-B779-50774FC82995}.Debug|Any CPU.ActiveCfg = Debug|Any CPU
		{98078E82-1401-4A48-B779-50774FC82995}.Debug|Any CPU.Build.0 = Debug|Any CPU
		{98078E82-1401-4A48-B779-50774FC82995}.Release|Any CPU.ActiveCfg = Release|Any CPU
		{98078E82-1401-4A48-B779-50774FC82995}.Release|Any CPU.Build.0 = Release|Any CPU
		{7ABAFAA9-EB0C-46ED-B1AF-0DA477B00AEA}.Debug|Any CPU.ActiveCfg = Debug|Any CPU
		{7ABAFAA9-EB0C-46ED-B1AF-0DA477B00AEA}.Debug|Any CPU.Build.0 = Debug|Any CPU
		{7ABAFAA9-EB0C-46ED-B1AF-0DA477B00AEA}.Release|Any CPU.ActiveCfg = Release|Any CPU
		{7ABAFAA9-EB0C-46ED-B1AF-0DA477B00AEA}.Release|Any CPU.Build.0 = Release|Any CPU
		{9FD22D41-F623-4187-9723-63D31065492A}.Debug|Any CPU.ActiveCfg = Debug|Any CPU
		{9FD22D41-F623-4187-9723-63D31065492A}.Debug|Any CPU.Build.0 = Debug|Any CPU
		{9FD22D41-F623-4187-9723-63D31065492A}.Release|Any CPU.ActiveCfg = Release|Any CPU
		{9FD22D41-F623-4187-9723-63D31065492A}.Release|Any CPU.Build.0 = Release|Any CPU
		{2F247B0F-E4D3-4E63-8E9F-27ED2C3EEA7F}.Debug|Any CPU.ActiveCfg = Debug|Any CPU
		{2F247B0F-E4D3-4E63-8E9F-27ED2C3EEA7F}.Debug|Any CPU.Build.0 = Debug|Any CPU
		{2F247B0F-E4D3-4E63-8E9F-27ED2C3EEA7F}.Release|Any CPU.ActiveCfg = Release|Any CPU
		{2F247B0F-E4D3-4E63-8E9F-27ED2C3EEA7F}.Release|Any CPU.Build.0 = Release|Any CPU
		{16F42D6A-4143-4FAB-9100-0E87F05C7547}.Debug|Any CPU.ActiveCfg = Debug|Any CPU
		{16F42D6A-4143-4FAB-9100-0E87F05C7547}.Debug|Any CPU.Build.0 = Debug|Any CPU
		{16F42D6A-4143-4FAB-9100-0E87F05C7547}.Release|Any CPU.ActiveCfg = Release|Any CPU
		{16F42D6A-4143-4FAB-9100-0E87F05C7547}.Release|Any CPU.Build.0 = Release|Any CPU
		{79F2B330-18C8-4B30-9A6C-0785EBF99CE7}.Debug|Any CPU.ActiveCfg = Debug|Any CPU
		{79F2B330-18C8-4B30-9A6C-0785EBF99CE7}.Debug|Any CPU.Build.0 = Debug|Any CPU
		{79F2B330-18C8-4B30-9A6C-0785EBF99CE7}.Release|Any CPU.ActiveCfg = Release|Any CPU
		{79F2B330-18C8-4B30-9A6C-0785EBF99CE7}.Release|Any CPU.Build.0 = Release|Any CPU
		{F4E5033B-3734-4A9F-8F80-29C077BB12A0}.Debug|Any CPU.ActiveCfg = Debug|Any CPU
		{F4E5033B-3734-4A9F-8F80-29C077BB12A0}.Debug|Any CPU.Build.0 = Debug|Any CPU
		{F4E5033B-3734-4A9F-8F80-29C077BB12A0}.Release|Any CPU.ActiveCfg = Release|Any CPU
		{F4E5033B-3734-4A9F-8F80-29C077BB12A0}.Release|Any CPU.Build.0 = Release|Any CPU
		{CF5130A1-F317-42CF-B43F-B329EE950349}.Debug|Any CPU.ActiveCfg = Debug|Any CPU
		{CF5130A1-F317-42CF-B43F-B329EE950349}.Debug|Any CPU.Build.0 = Debug|Any CPU
		{CF5130A1-F317-42CF-B43F-B329EE950349}.Release|Any CPU.ActiveCfg = Release|Any CPU
		{CF5130A1-F317-42CF-B43F-B329EE950349}.Release|Any CPU.Build.0 = Release|Any CPU
		{D18F5400-48DC-4CFF-8334-50967112738F}.Debug|Any CPU.ActiveCfg = Debug|Any CPU
		{D18F5400-48DC-4CFF-8334-50967112738F}.Debug|Any CPU.Build.0 = Debug|Any CPU
		{D18F5400-48DC-4CFF-8334-50967112738F}.Release|Any CPU.ActiveCfg = Release|Any CPU
		{D18F5400-48DC-4CFF-8334-50967112738F}.Release|Any CPU.Build.0 = Release|Any CPU
		{46405FE6-32C8-41E0-81A6-E955B3FC77D6}.Debug|Any CPU.ActiveCfg = Debug|Any CPU
		{46405FE6-32C8-41E0-81A6-E955B3FC77D6}.Debug|Any CPU.Build.0 = Debug|Any CPU
		{46405FE6-32C8-41E0-81A6-E955B3FC77D6}.Release|Any CPU.ActiveCfg = Release|Any CPU
		{46405FE6-32C8-41E0-81A6-E955B3FC77D6}.Release|Any CPU.Build.0 = Release|Any CPU
	EndGlobalSection
	GlobalSection(SolutionProperties) = preSolution
		HideSolutionNode = FALSE
	EndGlobalSection
	GlobalSection(ExtensibilityGlobals) = postSolution
		SolutionGuid = {A2A42562-3719-48A5-BD2A-39DC3033CEE5}
	EndGlobalSection
EndGlobal
